
Microsoft Visual Studio Solution File, Format Version 12.00
# Visual Studio 15
VisualStudioVersion = 15.0.27130.2027
MinimumVisualStudioVersion = 10.0.40219.1
Project("{FAE04EC0-301F-11D3-BF4B-00C04F79EFBC}") = "ParkPal.Android", "ParkPal\ParkPal.Android\ParkPal.Android.csproj", "{5B60C048-2161-4BF3-9CF4-FDE2E08883C5}"
EndProject
Project("{FAE04EC0-301F-11D3-BF4B-00C04F79EFBC}") = "ParkPal.iOS", "ParkPal\ParkPal.iOS\ParkPal.iOS.csproj", "{FF6F3CBC-0F39-42F4-A6DF-AC618F239B87}"
EndProject
Project("{D954291E-2A0B-460D-934E-DC6B0785DB48}") = "ParkPal", "ParkPal\ParkPal\ParkPal.shproj", "{1EF52435-173D-4941-A909-D4FE299D5CD2}"
EndProject
Global
	GlobalSection(SharedMSBuildProjectFiles) = preSolution
		ParkPal\ParkPal\ParkPal.projitems*{1ef52435-173d-4941-a909-d4fe299d5cd2}*SharedItemsImports = 13
		ParkPal\ParkPal\ParkPal.projitems*{5b60c048-2161-4bf3-9cf4-fde2e08883c5}*SharedItemsImports = 4
		ParkPal\ParkPal\ParkPal.projitems*{ff6f3cbc-0f39-42f4-a6df-ac618f239b87}*SharedItemsImports = 4
	EndGlobalSection
	GlobalSection(SolutionConfigurationPlatforms) = preSolution
		Ad-Hoc|Any CPU = Ad-Hoc|Any CPU
		Ad-Hoc|iPhone = Ad-Hoc|iPhone
		Ad-Hoc|iPhoneSimulator = Ad-Hoc|iPhoneSimulator
		AppStore|Any CPU = AppStore|Any CPU
		AppStore|iPhone = AppStore|iPhone
		AppStore|iPhoneSimulator = AppStore|iPhoneSimulator
		Debug|Any CPU = Debug|Any CPU
		Debug|iPhone = Debug|iPhone
		Debug|iPhoneSimulator = Debug|iPhoneSimulator
		Release|Any CPU = Release|Any CPU
		Release|iPhone = Release|iPhone
		Release|iPhoneSimulator = Release|iPhoneSimulator
	EndGlobalSection
	GlobalSection(ProjectConfigurationPlatforms) = postSolution
		{5B60C048-2161-4BF3-9CF4-FDE2E08883C5}.Ad-Hoc|Any CPU.ActiveCfg = Release|Any CPU
		{5B60C048-2161-4BF3-9CF4-FDE2E08883C5}.Ad-Hoc|Any CPU.Build.0 = Release|Any CPU
		{5B60C048-2161-4BF3-9CF4-FDE2E08883C5}.Ad-Hoc|Any CPU.Deploy.0 = Release|Any CPU
		{5B60C048-2161-4BF3-9CF4-FDE2E08883C5}.Ad-Hoc|iPhone.ActiveCfg = Release|Any CPU
		{5B60C048-2161-4BF3-9CF4-FDE2E08883C5}.Ad-Hoc|iPhone.Build.0 = Release|Any CPU
		{5B60C048-2161-4BF3-9CF4-FDE2E08883C5}.Ad-Hoc|iPhone.Deploy.0 = Release|Any CPU
		{5B60C048-2161-4BF3-9CF4-FDE2E08883C5}.Ad-Hoc|iPhoneSimulator.ActiveCfg = Release|Any CPU
		{5B60C048-2161-4BF3-9CF4-FDE2E08883C5}.Ad-Hoc|iPhoneSimulator.Build.0 = Release|Any CPU
		{5B60C048-2161-4BF3-9CF4-FDE2E08883C5}.Ad-Hoc|iPhoneSimulator.Deploy.0 = Release|Any CPU
		{5B60C048-2161-4BF3-9CF4-FDE2E08883C5}.AppStore|Any CPU.ActiveCfg = Release|Any CPU
		{5B60C048-2161-4BF3-9CF4-FDE2E08883C5}.AppStore|Any CPU.Build.0 = Release|Any CPU
		{5B60C048-2161-4BF3-9CF4-FDE2E08883C5}.AppStore|Any CPU.Deploy.0 = Release|Any CPU
		{5B60C048-2161-4BF3-9CF4-FDE2E08883C5}.AppStore|iPhone.ActiveCfg = Release|Any CPU
		{5B60C048-2161-4BF3-9CF4-FDE2E08883C5}.AppStore|iPhone.Build.0 = Release|Any CPU
		{5B60C048-2161-4BF3-9CF4-FDE2E08883C5}.AppStore|iPhone.Deploy.0 = Release|Any CPU
		{5B60C048-2161-4BF3-9CF4-FDE2E08883C5}.AppStore|iPhoneSimulator.ActiveCfg = Release|Any CPU
		{5B60C048-2161-4BF3-9CF4-FDE2E08883C5}.AppStore|iPhoneSimulator.Build.0 = Release|Any CPU
		{5B60C048-2161-4BF3-9CF4-FDE2E08883C5}.AppStore|iPhoneSimulator.Deploy.0 = Release|Any CPU
		{5B60C048-2161-4BF3-9CF4-FDE2E08883C5}.Debug|Any CPU.ActiveCfg = Debug|Any CPU
		{5B60C048-2161-4BF3-9CF4-FDE2E08883C5}.Debug|Any CPU.Build.0 = Debug|Any CPU
		{5B60C048-2161-4BF3-9CF4-FDE2E08883C5}.Debug|Any CPU.Deploy.0 = Debug|Any CPU
		{5B60C048-2161-4BF3-9CF4-FDE2E08883C5}.Debug|iPhone.ActiveCfg = Debug|Any CPU
		{5B60C048-2161-4BF3-9CF4-FDE2E08883C5}.Debug|iPhone.Build.0 = Debug|Any CPU
		{5B60C048-2161-4BF3-9CF4-FDE2E08883C5}.Debug|iPhone.Deploy.0 = Debug|Any CPU
		{5B60C048-2161-4BF3-9CF4-FDE2E08883C5}.Debug|iPhoneSimulator.ActiveCfg = Debug|Any CPU
		{5B60C048-2161-4BF3-9CF4-FDE2E08883C5}.Debug|iPhoneSimulator.Build.0 = Debug|Any CPU
		{5B60C048-2161-4BF3-9CF4-FDE2E08883C5}.Debug|iPhoneSimulator.Deploy.0 = Debug|Any CPU
		{5B60C048-2161-4BF3-9CF4-FDE2E08883C5}.Release|Any CPU.ActiveCfg = Release|Any CPU
		{5B60C048-2161-4BF3-9CF4-FDE2E08883C5}.Release|Any CPU.Build.0 = Release|Any CPU
		{5B60C048-2161-4BF3-9CF4-FDE2E08883C5}.Release|Any CPU.Deploy.0 = Release|Any CPU
		{5B60C048-2161-4BF3-9CF4-FDE2E08883C5}.Release|iPhone.ActiveCfg = Release|Any CPU
		{5B60C048-2161-4BF3-9CF4-FDE2E08883C5}.Release|iPhone.Build.0 = Release|Any CPU
		{5B60C048-2161-4BF3-9CF4-FDE2E08883C5}.Release|iPhone.Deploy.0 = Release|Any CPU
		{5B60C048-2161-4BF3-9CF4-FDE2E08883C5}.Release|iPhoneSimulator.ActiveCfg = Release|Any CPU
		{5B60C048-2161-4BF3-9CF4-FDE2E08883C5}.Release|iPhoneSimulator.Build.0 = Release|Any CPU
		{5B60C048-2161-4BF3-9CF4-FDE2E08883C5}.Release|iPhoneSimulator.Deploy.0 = Release|Any CPU
		{FF6F3CBC-0F39-42F4-A6DF-AC618F239B87}.Ad-Hoc|Any CPU.ActiveCfg = Ad-Hoc|iPhone
		{FF6F3CBC-0F39-42F4-A6DF-AC618F239B87}.Ad-Hoc|iPhone.ActiveCfg = Ad-Hoc|iPhone
		{FF6F3CBC-0F39-42F4-A6DF-AC618F239B87}.Ad-Hoc|iPhone.Build.0 = Ad-Hoc|iPhone
		{FF6F3CBC-0F39-42F4-A6DF-AC618F239B87}.Ad-Hoc|iPhoneSimulator.ActiveCfg = Ad-Hoc|iPhoneSimulator
		{FF6F3CBC-0F39-42F4-A6DF-AC618F239B87}.Ad-Hoc|iPhoneSimulator.Build.0 = Ad-Hoc|iPhoneSimulator
		{FF6F3CBC-0F39-42F4-A6DF-AC618F239B87}.AppStore|Any CPU.ActiveCfg = AppStore|iPhone
		{FF6F3CBC-0F39-42F4-A6DF-AC618F239B87}.AppStore|iPhone.ActiveCfg = AppStore|iPhone
		{FF6F3CBC-0F39-42F4-A6DF-AC618F239B87}.AppStore|iPhone.Build.0 = AppStore|iPhone
		{FF6F3CBC-0F39-42F4-A6DF-AC618F239B87}.AppStore|iPhoneSimulator.ActiveCfg = AppStore|iPhoneSimulator
		{FF6F3CBC-0F39-42F4-A6DF-AC618F239B87}.AppStore|iPhoneSimulator.Build.0 = AppStore|iPhoneSimulator
		{FF6F3CBC-0F39-42F4-A6DF-AC618F239B87}.Debug|Any CPU.ActiveCfg = Debug|iPhone
		{FF6F3CBC-0F39-42F4-A6DF-AC618F239B87}.Debug|iPhone.ActiveCfg = Debug|iPhone
		{FF6F3CBC-0F39-42F4-A6DF-AC618F239B87}.Debug|iPhone.Build.0 = Debug|iPhone
		{FF6F3CBC-0F39-42F4-A6DF-AC618F239B87}.Debug|iPhoneSimulator.ActiveCfg = Debug|iPhoneSimulator
		{FF6F3CBC-0F39-42F4-A6DF-AC618F239B87}.Debug|iPhoneSimulator.Build.0 = Debug|iPhoneSimulator
		{FF6F3CBC-0F39-42F4-A6DF-AC618F239B87}.Release|Any CPU.ActiveCfg = Release|iPhone
		{FF6F3CBC-0F39-42F4-A6DF-AC618F239B87}.Release|iPhone.ActiveCfg = Release|iPhone
		{FF6F3CBC-0F39-42F4-A6DF-AC618F239B87}.Release|iPhone.Build.0 = Release|iPhone
		{FF6F3CBC-0F39-42F4-A6DF-AC618F239B87}.Release|iPhoneSimulator.ActiveCfg = Release|iPhoneSimulator
		{FF6F3CBC-0F39-42F4-A6DF-AC618F239B87}.Release|iPhoneSimulator.Build.0 = Release|iPhoneSimulator
	EndGlobalSection
	GlobalSection(SolutionProperties) = preSolution
		HideSolutionNode = FALSE
	EndGlobalSection
	GlobalSection(ExtensibilityGlobals) = postSolution
		SolutionGuid = {81C60503-A155-4804-859D-824E6EE5E895}
	EndGlobalSection
EndGlobal
